
Microsoft Visual Studio Solution File, Format Version 12.00
# Visual Studio Version 16
VisualStudioVersion = 16.0.30804.86
MinimumVisualStudioVersion = 10.0.40219.1
Project("{9A19103F-16F7-4668-BE54-9A1E7A4F7556}") = "ASP_01_TestProject", "ASP_01_TestProject.csproj", "{19042771-682E-47AD-9B26-BA7B6A437F16}"
EndProject
Global
	GlobalSection(SolutionConfigurationPlatforms) = preSolution
		Debug|Any CPU = Debug|Any CPU
		Release|Any CPU = Release|Any CPU
	EndGlobalSection
	GlobalSection(ProjectConfigurationPlatforms) = postSolution
		{19042771-682E-47AD-9B26-BA7B6A437F16}.Debug|Any CPU.ActiveCfg = Debug|Any CPU
		{19042771-682E-47AD-9B26-BA7B6A437F16}.Debug|Any CPU.Build.0 = Debug|Any CPU
		{19042771-682E-47AD-9B26-BA7B6A437F16}.Release|Any CPU.ActiveCfg = Release|Any CPU
		{19042771-682E-47AD-9B26-BA7B6A437F16}.Release|Any CPU.Build.0 = Release|Any CPU
	EndGlobalSection
	GlobalSection(SolutionProperties) = preSolution
		HideSolutionNode = FALSE
	EndGlobalSection
	GlobalSection(ExtensibilityGlobals) = postSolution
		SolutionGuid = {F384D2C9-AFA1-4F6A-9CCB-CD4C66669AE2}
	EndGlobalSection
EndGlobal
